
Microsoft Visual Studio Solution File, Format Version 12.00
# Visual Studio Version 17
VisualStudioVersion = 17.9.34622.214
MinimumVisualStudioVersion = 10.0.40219.1
Project("{9A19103F-16F7-4668-BE54-9A1E7A4F7556}") = "OurProject", "OurProject\OurProject.csproj", "{CDA091EF-281B-41D1-9661-6BB6CF2956C6}"
EndProject
Global
	GlobalSection(SolutionConfigurationPlatforms) = preSolution
		Debug|Any CPU = Debug|Any CPU
		Release|Any CPU = Release|Any CPU
	EndGlobalSection
	GlobalSection(ProjectConfigurationPlatforms) = postSolution
		{CDA091EF-281B-41D1-9661-6BB6CF2956C6}.Debug|Any CPU.ActiveCfg = Debug|Any CPU
		{CDA091EF-281B-41D1-9661-6BB6CF2956C6}.Debug|Any CPU.Build.0 = Debug|Any CPU
		{CDA091EF-281B-41D1-9661-6BB6CF2956C6}.Release|Any CPU.ActiveCfg = Release|Any CPU
		{CDA091EF-281B-41D1-9661-6BB6CF2956C6}.Release|Any CPU.Build.0 = Release|Any CPU
	EndGlobalSection
	GlobalSection(SolutionProperties) = preSolution
		HideSolutionNode = FALSE
	EndGlobalSection
	GlobalSection(ExtensibilityGlobals) = postSolution
		SolutionGuid = {7AB21DF6-FB67-4F58-909D-820F8A8F069E}
	EndGlobalSection
EndGlobal
